<?xml version="1.0" encoding="utf-8"?>
<Project ToolsVersion="4.0" xmlns="http://schemas.microsoft.com/developer/msbuild/2003">
  <ItemGroup>
    <Filter Include="Source Files">
      <UniqueIdentifier>{4FC737F1-C7A5-4376-A066-2A32D752A2FF}</UniqueIdentifier>
      <Extensions>cpp;c;cc;cxx;def;odl;idl;hpj;bat;asm;asmx</Extensions>
    </Filter>
    <Filter Include="Header Files">
      <UniqueIdentifier>{93995380-89BD-4b04-88EB-625FBE52EBFB}</UniqueIdentifier>
      <Extensions>h;hh;hpp;hxx;hm;inl;inc;xsd</Extensions>
    </Filter>
    <Filter Include="Resource Files">
      <UniqueIdentifier>{67DA6AB6-F800-4c08-8B7A-83BB121AAD01}</UniqueIdentifier>
      <Extensions>rc;ico;cur;bmp;dlg;rc2;rct;bin;rgs;gif;jpg;jpeg;jpe;resx;tiff;tif;png;wav;mfcribbon-ms</Extensions>
    </Filter>
    <Filter Include="Source Files\KinectWrapper">
      <UniqueIdentifier>{10d6a8d1-e8bc-4035-8f04-0b4b93a1686c}</UniqueIdentifier>
    </Filter>
    <Filter Include="Header Files\KinectWrapper">
      <UniqueIdentifier>{0d5595f8-caed-4698-9177-90cb86b324da}</UniqueIdentifier>
    </Filter>
  </ItemGroup>
  <ItemGroup>
    <ClInclude Include="include\Application.h">
      <Filter>Header Files</Filter>
    </ClInclude>
    <ClInclude Include="include\stdafx.h">
      <Filter>Header Files</Filter>
    </ClInclude>
    <ClInclude Include="include\targetver.h">
      <Filter>Header Files</Filter>
    </ClInclude>
    <ClInclude Include="include\win32\Event.h">
      <Filter>Header Files\KinectWrapper</Filter>
    </ClInclude>
    <ClInclude Include="include\resource.h">
      <Filter>Header Files\KinectWrapper</Filter>
    </ClInclude>
    <ClInclude Include="include\win32\SpinLock.h">
      <Filter>Header Files\KinectWrapper</Filter>
    </ClInclude>
    <ClInclude Include="include\FaceTrackerBase.h">
      <Filter>Header Files</Filter>
    </ClInclude>
    <ClInclude Include="include\utils\FPSCounter.h">
      <Filter>Header Files</Filter>
    </ClInclude>
    <ClInclude Include="include\utils\RunningAverage.h">
      <Filter>Header Files</Filter>
    </ClInclude>
    <ClInclude Include="include\HeadTracker.h">
      <Filter>Header Files</Filter>
    </ClInclude>
    <ClInclude Include="include\Capture.h">
      <Filter>Header Files</Filter>
    </ClInclude>
    <ClInclude Include="include\utils\Runnable.h">
      <Filter>Header Files</Filter>
    </ClInclude>
  </ItemGroup>
  <ItemGroup>
    <ClCompile Include="src\Application.cpp">
      <Filter>Source Files</Filter>
    </ClCompile>
    <ClCompile Include="src\main.cpp">
      <Filter>Source Files</Filter>
    </ClCompile>
    <ClCompile Include="src\stdafx.cpp">
      <Filter>Source Files</Filter>
    </ClCompile>
    <ClCompile Include="src\win32\Event.cpp">
      <Filter>Source Files\KinectWrapper</Filter>
    </ClCompile>
    <ClCompile Include="src\utils\FPSCounter.cpp">
      <Filter>Source Files</Filter>
    </ClCompile>
    <ClCompile Include="src\HeadTracker.cpp">
      <Filter>Source Files</Filter>
    </ClCompile>
    <ClCompile Include="src\Capture.cpp">
      <Filter>Source Files</Filter>
    </ClCompile>
  </ItemGroup>
  <ItemGroup>
    <ResourceCompile Include="VirtualMirror.rc">
      <Filter>Resource Files</Filter>
    </ResourceCompile>
  </ItemGroup>
  <ItemGroup>
    <Image Include="application.ico">
      <Filter>Resource Files</Filter>
    </Image>
  </ItemGroup>
</Project>